
Microsoft Visual Studio Solution File, Format Version 12.00
# Visual Studio Version 16
VisualStudioVersion = 16.0.32228.343
MinimumVisualStudioVersion = 10.0.40219.1
Project("{FAE04EC0-301F-11D3-BF4B-00C04F79EFBC}") = "Net5.Demo", "Net5.Demo\Net5.Demo.csproj", "{F6ACBE0C-39EF-41FE-9FD3-6D0E0D069F1B}"
EndProject
Global
	GlobalSection(SolutionConfigurationPlatforms) = preSolution
		Debug|Any CPU = Debug|Any CPU
		Release|Any CPU = Release|Any CPU
	EndGlobalSection
	GlobalSection(ProjectConfigurationPlatforms) = postSolution
		{F6ACBE0C-39EF-41FE-9FD3-6D0E0D069F1B}.Debug|Any CPU.ActiveCfg = Debug|Any CPU
		{F6ACBE0C-39EF-41FE-9FD3-6D0E0D069F1B}.Debug|Any CPU.Build.0 = Debug|Any CPU
		{F6ACBE0C-39EF-41FE-9FD3-6D0E0D069F1B}.Release|Any CPU.ActiveCfg = Release|Any CPU
		{F6ACBE0C-39EF-41FE-9FD3-6D0E0D069F1B}.Release|Any CPU.Build.0 = Release|Any CPU
	EndGlobalSection
	GlobalSection(SolutionProperties) = preSolution
		HideSolutionNode = FALSE
	EndGlobalSection
	GlobalSection(ExtensibilityGlobals) = postSolution
		SolutionGuid = {6138872E-30FE-4E34-AA5A-A22C3D7D5D65}
	EndGlobalSection
EndGlobal
